// !$*UTF8*$!
{
	archiveVersion = 1;
	classes = {
	};
	objectVersion = 46;
	objects = {

/* Begin PBXBuildFile section */
		EF3C3A71154E3295008474F6 /* RKTestFactory+AppExtensions.m in Sources */ = {isa = PBXBuildFile; fileRef = EF3C3A70154E3295008474F6 /* RKTestFactory+AppExtensions.m */; };
		EF3C3A74154E34B2008474F6 /* Item+Additions.m in Sources */ = {isa = PBXBuildFile; fileRef = EF3C3A73154E34B2008474F6 /* Item+Additions.m */; };
		EF3C3A77154E34C2008474F6 /* Category+Additions.m in Sources */ = {isa = PBXBuildFile; fileRef = EF3C3A76154E34C2008474F6 /* Category+Additions.m */; };
		EF3C3A7A154E3659008474F6 /* item_partial.json in Resources */ = {isa = PBXBuildFile; fileRef = EF3C3A78154E3659008474F6 /* item_partial.json */; };
		EF3C3A7B154E3659008474F6 /* item.json in Resources */ = {isa = PBXBuildFile; fileRef = EF3C3A79154E3659008474F6 /* item.json */; };
		EF3C3A7E154E36E5008474F6 /* Category.m in Sources */ = {isa = PBXBuildFile; fileRef = EF3C3A7D154E36E5008474F6 /* Category.m */; };
		EF3C3A81154E36E5008474F6 /* Item.m in Sources */ = {isa = PBXBuildFile; fileRef = EF3C3A80154E36E5008474F6 /* Item.m */; };
		EF3C3A84154E3B59008474F6 /* CategoryLoaderTests.m in Sources */ = {isa = PBXBuildFile; fileRef = EF3C3A83154E3B59008474F6 /* CategoryLoaderTests.m */; };
		EF3C3A87154E49D7008474F6 /* ItemLoaderTests.m in Sources */ = {isa = PBXBuildFile; fileRef = EF3C3A86154E49D7008474F6 /* ItemLoaderTests.m */; };
		EF3C3A97154EC25C008474F6 /* item_partial_with_category.json in Resources */ = {isa = PBXBuildFile; fileRef = EF3C3A96154EC25C008474F6 /* item_partial_with_category.json */; };
		EF3C3A9A154EC286008474F6 /* ItemsViewController.m in Sources */ = {isa = PBXBuildFile; fileRef = EF3C3A99154EC286008474F6 /* ItemsViewController.m */; };
		EF526BB8154D518600667CF6 /* UIKit.framework in Frameworks */ = {isa = PBXBuildFile; fileRef = EF526BB7154D518600667CF6 /* UIKit.framework */; };
		EF526BBA154D518600667CF6 /* Foundation.framework in Frameworks */ = {isa = PBXBuildFile; fileRef = EF526BB9154D518600667CF6 /* Foundation.framework */; };
		EF526BBC154D518600667CF6 /* CoreGraphics.framework in Frameworks */ = {isa = PBXBuildFile; fileRef = EF526BBB154D518600667CF6 /* CoreGraphics.framework */; };
		EF526BC2154D518600667CF6 /* InfoPlist.strings in Resources */ = {isa = PBXBuildFile; fileRef = EF526BC0154D518600667CF6 /* InfoPlist.strings */; };
		EF526BC4154D518600667CF6 /* main.m in Sources */ = {isa = PBXBuildFile; fileRef = EF526BC3154D518600667CF6 /* main.m */; };
		EF526BC8154D518600667CF6 /* AppDelegate.m in Sources */ = {isa = PBXBuildFile; fileRef = EF526BC7154D518600667CF6 /* AppDelegate.m */; };
		EF526BCB154D518600667CF6 /* ViewController.m in Sources */ = {isa = PBXBuildFile; fileRef = EF526BCA154D518600667CF6 /* ViewController.m */; };
		EF526BCE154D518600667CF6 /* ViewController.xib in Resources */ = {isa = PBXBuildFile; fileRef = EF526BCC154D518600667CF6 /* ViewController.xib */; };
		EF526BD6154D518700667CF6 /* SenTestingKit.framework in Frameworks */ = {isa = PBXBuildFile; fileRef = EF526BD5154D518700667CF6 /* SenTestingKit.framework */; };
		EF526BD7154D518700667CF6 /* UIKit.framework in Frameworks */ = {isa = PBXBuildFile; fileRef = EF526BB7154D518600667CF6 /* UIKit.framework */; };
		EF526BD8154D518700667CF6 /* Foundation.framework in Frameworks */ = {isa = PBXBuildFile; fileRef = EF526BB9154D518600667CF6 /* Foundation.framework */; };
		EF526BE0154D518700667CF6 /* InfoPlist.strings in Resources */ = {isa = PBXBuildFile; fileRef = EF526BDE154D518700667CF6 /* InfoPlist.strings */; };
		EF526C01154D543B00667CF6 /* libRestKit.a in Frameworks */ = {isa = PBXBuildFile; fileRef = EF526BF8154D53DA00667CF6 /* libRestKit.a */; };
		EF526C03154D544E00667CF6 /* CFNetwork.framework in Frameworks */ = {isa = PBXBuildFile; fileRef = EF526C02154D544E00667CF6 /* CFNetwork.framework */; };
		EF526C05154D545400667CF6 /* CoreData.framework in Frameworks */ = {isa = PBXBuildFile; fileRef = EF526C04154D545400667CF6 /* CoreData.framework */; };
		EF526C07154D545A00667CF6 /* Security.framework in Frameworks */ = {isa = PBXBuildFile; fileRef = EF526C06154D545A00667CF6 /* Security.framework */; };
		EF526C09154D546600667CF6 /* MobileCoreServices.framework in Frameworks */ = {isa = PBXBuildFile; fileRef = EF526C08154D546600667CF6 /* MobileCoreServices.framework */; };
		EF526C0B154D546C00667CF6 /* SystemConfiguration.framework in Frameworks */ = {isa = PBXBuildFile; fileRef = EF526C0A154D546C00667CF6 /* SystemConfiguration.framework */; };
		EF526C0D154D547500667CF6 /* libxml2.dylib in Frameworks */ = {isa = PBXBuildFile; fileRef = EF526C0C154D547500667CF6 /* libxml2.dylib */; };
		EF526C0F154D547A00667CF6 /* QuartzCore.framework in Frameworks */ = {isa = PBXBuildFile; fileRef = EF526C0E154D547A00667CF6 /* QuartzCore.framework */; };
		EF526C11154D54A700667CF6 /* CFNetwork.framework in Frameworks */ = {isa = PBXBuildFile; fileRef = EF526C02154D544E00667CF6 /* CFNetwork.framework */; };
		EF526C12154D54A700667CF6 /* CoreData.framework in Frameworks */ = {isa = PBXBuildFile; fileRef = EF526C04154D545400667CF6 /* CoreData.framework */; };
		EF526C13154D54A700667CF6 /* libxml2.dylib in Frameworks */ = {isa = PBXBuildFile; fileRef = EF526C0C154D547500667CF6 /* libxml2.dylib */; };
		EF526C14154D54A700667CF6 /* MobileCoreServices.framework in Frameworks */ = {isa = PBXBuildFile; fileRef = EF526C08154D546600667CF6 /* MobileCoreServices.framework */; };
		EF526C15154D54A700667CF6 /* QuartzCore.framework in Frameworks */ = {isa = PBXBuildFile; fileRef = EF526C0E154D547A00667CF6 /* QuartzCore.framework */; };
		EF526C16154D54A700667CF6 /* Security.framework in Frameworks */ = {isa = PBXBuildFile; fileRef = EF526C06154D545A00667CF6 /* Security.framework */; };
		EF526C17154D54A700667CF6 /* SystemConfiguration.framework in Frameworks */ = {isa = PBXBuildFile; fileRef = EF526C0A154D546C00667CF6 /* SystemConfiguration.framework */; };
		EF526C18154D55EE00667CF6 /* CoreGraphics.framework in Frameworks */ = {isa = PBXBuildFile; fileRef = EF526BBB154D518600667CF6 /* CoreGraphics.framework */; };
		EF526C1C154D56A000667CF6 /* RestKitTests.xcdatamodeld in Sources */ = {isa = PBXBuildFile; fileRef = EF526C1A154D56A000667CF6 /* RestKitTests.xcdatamodeld */; };
		EF526C30154D599100667CF6 /* RestKitConfig.m in Sources */ = {isa = PBXBuildFile; fileRef = EF526C2F154D599000667CF6 /* RestKitConfig.m */; };
		EF526C34154D62B500667CF6 /* CategoriesViewController.m in Sources */ = {isa = PBXBuildFile; fileRef = EF526C33154D62B400667CF6 /* CategoriesViewController.m */; };
		EF526C3F154E0D5D00667CF6 /* ObjectMappingTests.m in Sources */ = {isa = PBXBuildFile; fileRef = EF526C3E154E0D5D00667CF6 /* ObjectMappingTests.m */; };
		EF526C44154E258500667CF6 /* categories.json in Resources */ = {isa = PBXBuildFile; fileRef = EF526C41154E258500667CF6 /* categories.json */; };
		EF526C46154E258500667CF6 /* category.json in Resources */ = {isa = PBXBuildFile; fileRef = EF526C42154E258500667CF6 /* category.json */; };
		EF526C48154E2EB600667CF6 /* category_partial.json in Resources */ = {isa = PBXBuildFile; fileRef = EF526C47154E2EB600667CF6 /* category_partial.json */; };
/* End PBXBuildFile section */

/* Begin PBXContainerItemProxy section */
		EF526BD9154D518700667CF6 /* PBXContainerItemProxy */ = {
			isa = PBXContainerItemProxy;
			containerPortal = EF526BAA154D518600667CF6 /* Project object */;
			proxyType = 1;
			remoteGlobalIDString = EF526BB2154D518600667CF6;
			remoteInfo = RestKitTests;
		};
		EF526BF7154D53DA00667CF6 /* PBXContainerItemProxy */ = {
			isa = PBXContainerItemProxy;
			containerPortal = EF526BEC154D53DA00667CF6 /* RestKit.xcodeproj */;
			proxyType = 2;
			remoteGlobalIDString = 25160D1614564E810060A5C5;
			remoteInfo = RestKit;
		};
		EF526BF9154D53DA00667CF6 /* PBXContainerItemProxy */ = {
			isa = PBXContainerItemProxy;
			containerPortal = EF526BEC154D53DA00667CF6 /* RestKit.xcodeproj */;
			proxyType = 2;
			remoteGlobalIDString = 25160D2614564E820060A5C5;
			remoteInfo = RestKitTests;
		};
		EF526BFB154D53DA00667CF6 /* PBXContainerItemProxy */ = {
			isa = PBXContainerItemProxy;
			containerPortal = EF526BEC154D53DA00667CF6 /* RestKit.xcodeproj */;
			proxyType = 2;
			remoteGlobalIDString = 25160E62145651060060A5C5;
			remoteInfo = RestKitFramework;
		};
		EF526BFD154D53DA00667CF6 /* PBXContainerItemProxy */ = {
			isa = PBXContainerItemProxy;
			containerPortal = EF526BEC154D53DA00667CF6 /* RestKit.xcodeproj */;
			proxyType = 2;
			remoteGlobalIDString = 25160E78145651060060A5C5;
			remoteInfo = RestKitFrameworkTests;
		};
		EF526BFF154D53DA00667CF6 /* PBXContainerItemProxy */ = {
			isa = PBXContainerItemProxy;
			containerPortal = EF526BEC154D53DA00667CF6 /* RestKit.xcodeproj */;
			proxyType = 2;
			remoteGlobalIDString = 259C301615128079003066A2;
			remoteInfo = RestKitResources;
		};
/* End PBXContainerItemProxy section */

/* Begin PBXFileReference section */
		EF3C3A6F154E3295008474F6 /* RKTestFactory+AppExtensions.h */ = {isa = PBXFileReference; fileEncoding = 4; lastKnownFileType = sourcecode.c.h; path = "RKTestFactory+AppExtensions.h"; sourceTree = "<group>"; };
		EF3C3A70154E3295008474F6 /* RKTestFactory+AppExtensions.m */ = {isa = PBXFileReference; fileEncoding = 4; lastKnownFileType = sourcecode.c.objc; path = "RKTestFactory+AppExtensions.m"; sourceTree = "<group>"; };
		EF3C3A72154E34B2008474F6 /* Item+Additions.h */ = {isa = PBXFileReference; fileEncoding = 4; lastKnownFileType = sourcecode.c.h; path = "Item+Additions.h"; sourceTree = "<group>"; };
		EF3C3A73154E34B2008474F6 /* Item+Additions.m */ = {isa = PBXFileReference; fileEncoding = 4; lastKnownFileType = sourcecode.c.objc; path = "Item+Additions.m"; sourceTree = "<group>"; };
		EF3C3A75154E34C2008474F6 /* Category+Additions.h */ = {isa = PBXFileReference; fileEncoding = 4; lastKnownFileType = sourcecode.c.h; path = "Category+Additions.h"; sourceTree = "<group>"; };
		EF3C3A76154E34C2008474F6 /* Category+Additions.m */ = {isa = PBXFileReference; fileEncoding = 4; lastKnownFileType = sourcecode.c.objc; path = "Category+Additions.m"; sourceTree = "<group>"; };
		EF3C3A78154E3659008474F6 /* item_partial.json */ = {isa = PBXFileReference; fileEncoding = 4; lastKnownFileType = text.json; path = item_partial.json; sourceTree = "<group>"; };
		EF3C3A79154E3659008474F6 /* item.json */ = {isa = PBXFileReference; fileEncoding = 4; lastKnownFileType = text.json; path = item.json; sourceTree = "<group>"; };
		EF3C3A7C154E36E5008474F6 /* Category.h */ = {isa = PBXFileReference; fileEncoding = 4; lastKnownFileType = sourcecode.c.h; path = Category.h; sourceTree = "<group>"; };
		EF3C3A7D154E36E5008474F6 /* Category.m */ = {isa = PBXFileReference; fileEncoding = 4; lastKnownFileType = sourcecode.c.objc; path = Category.m; sourceTree = "<group>"; };
		EF3C3A7F154E36E5008474F6 /* Item.h */ = {isa = PBXFileReference; fileEncoding = 4; lastKnownFileType = sourcecode.c.h; path = Item.h; sourceTree = "<group>"; };
		EF3C3A80154E36E5008474F6 /* Item.m */ = {isa = PBXFileReference; fileEncoding = 4; lastKnownFileType = sourcecode.c.objc; path = Item.m; sourceTree = "<group>"; };
		EF3C3A82154E3B58008474F6 /* CategoryLoaderTests.h */ = {isa = PBXFileReference; fileEncoding = 4; lastKnownFileType = sourcecode.c.h; path = CategoryLoaderTests.h; sourceTree = "<group>"; };
		EF3C3A83154E3B59008474F6 /* CategoryLoaderTests.m */ = {isa = PBXFileReference; fileEncoding = 4; lastKnownFileType = sourcecode.c.objc; path = CategoryLoaderTests.m; sourceTree = "<group>"; };
		EF3C3A85154E49D7008474F6 /* ItemLoaderTests.h */ = {isa = PBXFileReference; fileEncoding = 4; lastKnownFileType = sourcecode.c.h; path = ItemLoaderTests.h; sourceTree = "<group>"; };
		EF3C3A86154E49D7008474F6 /* ItemLoaderTests.m */ = {isa = PBXFileReference; fileEncoding = 4; lastKnownFileType = sourcecode.c.objc; path = ItemLoaderTests.m; sourceTree = "<group>"; };
		EF3C3A96154EC25C008474F6 /* item_partial_with_category.json */ = {isa = PBXFileReference; fileEncoding = 4; lastKnownFileType = text.json; path = item_partial_with_category.json; sourceTree = "<group>"; };
		EF3C3A98154EC286008474F6 /* ItemsViewController.h */ = {isa = PBXFileReference; fileEncoding = 4; lastKnownFileType = sourcecode.c.h; path = ItemsViewController.h; sourceTree = "<group>"; };
		EF3C3A99154EC286008474F6 /* ItemsViewController.m */ = {isa = PBXFileReference; fileEncoding = 4; lastKnownFileType = sourcecode.c.objc; path = ItemsViewController.m; sourceTree = "<group>"; };
		EF526BB3154D518600667CF6 /* RestKitTests.app */ = {isa = PBXFileReference; explicitFileType = wrapper.application; includeInIndex = 0; path = RestKitTests.app; sourceTree = BUILT_PRODUCTS_DIR; };
		EF526BB7154D518600667CF6 /* UIKit.framework */ = {isa = PBXFileReference; lastKnownFileType = wrapper.framework; name = UIKit.framework; path = System/Library/Frameworks/UIKit.framework; sourceTree = SDKROOT; };
		EF526BB9154D518600667CF6 /* Foundation.framework */ = {isa = PBXFileReference; lastKnownFileType = wrapper.framework; name = Foundation.framework; path = System/Library/Frameworks/Foundation.framework; sourceTree = SDKROOT; };
		EF526BBB154D518600667CF6 /* CoreGraphics.framework */ = {isa = PBXFileReference; lastKnownFileType = wrapper.framework; name = CoreGraphics.framework; path = System/Library/Frameworks/CoreGraphics.framework; sourceTree = SDKROOT; };
		EF526BBF154D518600667CF6 /* RestKitTests-Info.plist */ = {isa = PBXFileReference; lastKnownFileType = text.plist.xml; path = "RestKitTests-Info.plist"; sourceTree = "<group>"; };
		EF526BC1154D518600667CF6 /* en */ = {isa = PBXFileReference; lastKnownFileType = text.plist.strings; name = en; path = en.lproj/InfoPlist.strings; sourceTree = "<group>"; };
		EF526BC3154D518600667CF6 /* main.m */ = {isa = PBXFileReference; lastKnownFileType = sourcecode.c.objc; path = main.m; sourceTree = "<group>"; };
		EF526BC5154D518600667CF6 /* RestKitTests-Prefix.pch */ = {isa = PBXFileReference; lastKnownFileType = sourcecode.c.h; path = "RestKitTests-Prefix.pch"; sourceTree = "<group>"; };
		EF526BC6154D518600667CF6 /* AppDelegate.h */ = {isa = PBXFileReference; lastKnownFileType = sourcecode.c.h; path = AppDelegate.h; sourceTree = "<group>"; };
		EF526BC7154D518600667CF6 /* AppDelegate.m */ = {isa = PBXFileReference; lastKnownFileType = sourcecode.c.objc; path = AppDelegate.m; sourceTree = "<group>"; };
		EF526BC9154D518600667CF6 /* ViewController.h */ = {isa = PBXFileReference; lastKnownFileType = sourcecode.c.h; path = ViewController.h; sourceTree = "<group>"; };
		EF526BCA154D518600667CF6 /* ViewController.m */ = {isa = PBXFileReference; lastKnownFileType = sourcecode.c.objc; path = ViewController.m; sourceTree = "<group>"; };
		EF526BCD154D518600667CF6 /* en */ = {isa = PBXFileReference; lastKnownFileType = file.xib; name = en; path = en.lproj/ViewController.xib; sourceTree = "<group>"; };
		EF526BD4154D518700667CF6 /* RestKitTestsTests.octest */ = {isa = PBXFileReference; explicitFileType = wrapper.cfbundle; includeInIndex = 0; path = RestKitTestsTests.octest; sourceTree = BUILT_PRODUCTS_DIR; };
		EF526BD5154D518700667CF6 /* SenTestingKit.framework */ = {isa = PBXFileReference; lastKnownFileType = wrapper.framework; name = SenTestingKit.framework; path = Library/Frameworks/SenTestingKit.framework; sourceTree = DEVELOPER_DIR; };
		EF526BDD154D518700667CF6 /* RestKitTestsTests-Info.plist */ = {isa = PBXFileReference; lastKnownFileType = text.plist.xml; path = "RestKitTestsTests-Info.plist"; sourceTree = "<group>"; };
		EF526BDF154D518700667CF6 /* en */ = {isa = PBXFileReference; lastKnownFileType = text.plist.strings; name = en; path = en.lproj/InfoPlist.strings; sourceTree = "<group>"; };
		EF526BEC154D53DA00667CF6 /* RestKit.xcodeproj */ = {isa = PBXFileReference; lastKnownFileType = "wrapper.pb-project"; name = RestKit.xcodeproj; path = RestKit/RestKit.xcodeproj; sourceTree = "<group>"; };
		EF526C02154D544E00667CF6 /* CFNetwork.framework */ = {isa = PBXFileReference; lastKnownFileType = wrapper.framework; name = CFNetwork.framework; path = System/Library/Frameworks/CFNetwork.framework; sourceTree = SDKROOT; };
		EF526C04154D545400667CF6 /* CoreData.framework */ = {isa = PBXFileReference; lastKnownFileType = wrapper.framework; name = CoreData.framework; path = System/Library/Frameworks/CoreData.framework; sourceTree = SDKROOT; };
		EF526C06154D545A00667CF6 /* Security.framework */ = {isa = PBXFileReference; lastKnownFileType = wrapper.framework; name = Security.framework; path = System/Library/Frameworks/Security.framework; sourceTree = SDKROOT; };
		EF526C08154D546600667CF6 /* MobileCoreServices.framework */ = {isa = PBXFileReference; lastKnownFileType = wrapper.framework; name = MobileCoreServices.framework; path = System/Library/Frameworks/MobileCoreServices.framework; sourceTree = SDKROOT; };
		EF526C0A154D546C00667CF6 /* SystemConfiguration.framework */ = {isa = PBXFileReference; lastKnownFileType = wrapper.framework; name = SystemConfiguration.framework; path = System/Library/Frameworks/SystemConfiguration.framework; sourceTree = SDKROOT; };
		EF526C0C154D547500667CF6 /* libxml2.dylib */ = {isa = PBXFileReference; lastKnownFileType = "compiled.mach-o.dylib"; name = libxml2.dylib; path = usr/lib/libxml2.dylib; sourceTree = SDKROOT; };
		EF526C0E154D547A00667CF6 /* QuartzCore.framework */ = {isa = PBXFileReference; lastKnownFileType = wrapper.framework; name = QuartzCore.framework; path = System/Library/Frameworks/QuartzCore.framework; sourceTree = SDKROOT; };
		EF526C1B154D56A000667CF6 /* RestKitTests.xcdatamodel */ = {isa = PBXFileReference; lastKnownFileType = wrapper.xcdatamodel; path = RestKitTests.xcdatamodel; sourceTree = "<group>"; };
		EF526C2E154D599000667CF6 /* RestKitConfig.h */ = {isa = PBXFileReference; fileEncoding = 4; lastKnownFileType = sourcecode.c.h; path = RestKitConfig.h; sourceTree = "<group>"; };
		EF526C2F154D599000667CF6 /* RestKitConfig.m */ = {isa = PBXFileReference; fileEncoding = 4; lastKnownFileType = sourcecode.c.objc; path = RestKitConfig.m; sourceTree = "<group>"; };
		EF526C32154D62B400667CF6 /* CategoriesViewController.h */ = {isa = PBXFileReference; fileEncoding = 4; lastKnownFileType = sourcecode.c.h; path = CategoriesViewController.h; sourceTree = "<group>"; };
		EF526C33154D62B400667CF6 /* CategoriesViewController.m */ = {isa = PBXFileReference; fileEncoding = 4; lastKnownFileType = sourcecode.c.objc; path = CategoriesViewController.m; sourceTree = "<group>"; };
		EF526C3D154E0D5D00667CF6 /* ObjectMappingTests.h */ = {isa = PBXFileReference; fileEncoding = 4; lastKnownFileType = sourcecode.c.h; path = ObjectMappingTests.h; sourceTree = "<group>"; };
		EF526C3E154E0D5D00667CF6 /* ObjectMappingTests.m */ = {isa = PBXFileReference; fileEncoding = 4; lastKnownFileType = sourcecode.c.objc; path = ObjectMappingTests.m; sourceTree = "<group>"; };
		EF526C41154E258500667CF6 /* categories.json */ = {isa = PBXFileReference; fileEncoding = 4; lastKnownFileType = text.json; path = categories.json; sourceTree = "<group>"; };
		EF526C42154E258500667CF6 /* category.json */ = {isa = PBXFileReference; fileEncoding = 4; lastKnownFileType = text.json; path = category.json; sourceTree = "<group>"; };
		EF526C47154E2EB600667CF6 /* category_partial.json */ = {isa = PBXFileReference; fileEncoding = 4; lastKnownFileType = text.json; path = category_partial.json; sourceTree = "<group>"; };
/* End PBXFileReference section */

/* Begin PBXFrameworksBuildPhase section */
		EF526BB0154D518600667CF6 /* Frameworks */ = {
			isa = PBXFrameworksBuildPhase;
			buildActionMask = 2147483647;
			files = (
				EF526C0F154D547A00667CF6 /* QuartzCore.framework in Frameworks */,
				EF526C0D154D547500667CF6 /* libxml2.dylib in Frameworks */,
				EF526C0B154D546C00667CF6 /* SystemConfiguration.framework in Frameworks */,
				EF526C09154D546600667CF6 /* MobileCoreServices.framework in Frameworks */,
				EF526C07154D545A00667CF6 /* Security.framework in Frameworks */,
				EF526C05154D545400667CF6 /* CoreData.framework in Frameworks */,
				EF526C03154D544E00667CF6 /* CFNetwork.framework in Frameworks */,
				EF526C01154D543B00667CF6 /* libRestKit.a in Frameworks */,
				EF526BB8154D518600667CF6 /* UIKit.framework in Frameworks */,
				EF526BBA154D518600667CF6 /* Foundation.framework in Frameworks */,
				EF526BBC154D518600667CF6 /* CoreGraphics.framework in Frameworks */,
			);
			runOnlyForDeploymentPostprocessing = 0;
		};
		EF526BD0154D518700667CF6 /* Frameworks */ = {
			isa = PBXFrameworksBuildPhase;
			buildActionMask = 2147483647;
			files = (
				EF526C18154D55EE00667CF6 /* CoreGraphics.framework in Frameworks */,
				EF526C11154D54A700667CF6 /* CFNetwork.framework in Frameworks */,
				EF526C12154D54A700667CF6 /* CoreData.framework in Frameworks */,
				EF526C13154D54A700667CF6 /* libxml2.dylib in Frameworks */,
				EF526C14154D54A700667CF6 /* MobileCoreServices.framework in Frameworks */,
				EF526C15154D54A700667CF6 /* QuartzCore.framework in Frameworks */,
				EF526C16154D54A700667CF6 /* Security.framework in Frameworks */,
				EF526C17154D54A700667CF6 /* SystemConfiguration.framework in Frameworks */,
				EF526BD6154D518700667CF6 /* SenTestingKit.framework in Frameworks */,
				EF526BD7154D518700667CF6 /* UIKit.framework in Frameworks */,
				EF526BD8154D518700667CF6 /* Foundation.framework in Frameworks */,
			);
			runOnlyForDeploymentPostprocessing = 0;
		};
/* End PBXFrameworksBuildPhase section */

/* Begin PBXGroup section */
		EF526BA8154D518600667CF6 = {
			isa = PBXGroup;
			children = (
				EF526BEC154D53DA00667CF6 /* RestKit.xcodeproj */,
				EF526BBD154D518600667CF6 /* RestKitTests */,
				EF526BDB154D518700667CF6 /* RestKitTestsTests */,
				EF526BB6154D518600667CF6 /* Frameworks */,
				EF526BB4154D518600667CF6 /* Products */,
			);
			sourceTree = "<group>";
		};
		EF526BB4154D518600667CF6 /* Products */ = {
			isa = PBXGroup;
			children = (
				EF526BB3154D518600667CF6 /* RestKitTests.app */,
				EF526BD4154D518700667CF6 /* RestKitTestsTests.octest */,
			);
			name = Products;
			sourceTree = "<group>";
		};
		EF526BB6154D518600667CF6 /* Frameworks */ = {
			isa = PBXGroup;
			children = (
				EF526C0E154D547A00667CF6 /* QuartzCore.framework */,
				EF526C0C154D547500667CF6 /* libxml2.dylib */,
				EF526C0A154D546C00667CF6 /* SystemConfiguration.framework */,
				EF526C08154D546600667CF6 /* MobileCoreServices.framework */,
				EF526C06154D545A00667CF6 /* Security.framework */,
				EF526C04154D545400667CF6 /* CoreData.framework */,
				EF526C02154D544E00667CF6 /* CFNetwork.framework */,
				EF526BB7154D518600667CF6 /* UIKit.framework */,
				EF526BB9154D518600667CF6 /* Foundation.framework */,
				EF526BBB154D518600667CF6 /* CoreGraphics.framework */,
				EF526BD5154D518700667CF6 /* SenTestingKit.framework */,
			);
			name = Frameworks;
			sourceTree = "<group>";
		};
		EF526BBD154D518600667CF6 /* RestKitTests */ = {
			isa = PBXGroup;
			children = (
				EF526BBE154D518600667CF6 /* Supporting Files */,
				EF526C19154D562F00667CF6 /* Model */,
				EF526BC6154D518600667CF6 /* AppDelegate.h */,
				EF526BC7154D518600667CF6 /* AppDelegate.m */,
				EF526BC9154D518600667CF6 /* ViewController.h */,
				EF526BCA154D518600667CF6 /* ViewController.m */,
				EF526BCC154D518600667CF6 /* ViewController.xib */,
				EF526C2E154D599000667CF6 /* RestKitConfig.h */,
				EF526C2F154D599000667CF6 /* RestKitConfig.m */,
				EF526C32154D62B400667CF6 /* CategoriesViewController.h */,
				EF526C33154D62B400667CF6 /* CategoriesViewController.m */,
				EF3C3A98154EC286008474F6 /* ItemsViewController.h */,
				EF3C3A99154EC286008474F6 /* ItemsViewController.m */,
			);
			path = RestKitTests;
			sourceTree = "<group>";
		};
		EF526BBE154D518600667CF6 /* Supporting Files */ = {
			isa = PBXGroup;
			children = (
				EF526BBF154D518600667CF6 /* RestKitTests-Info.plist */,
				EF526BC0154D518600667CF6 /* InfoPlist.strings */,
				EF526BC3154D518600667CF6 /* main.m */,
				EF526BC5154D518600667CF6 /* RestKitTests-Prefix.pch */,
			);
			name = "Supporting Files";
			sourceTree = "<group>";
		};
		EF526BDB154D518700667CF6 /* RestKitTestsTests */ = {
			isa = PBXGroup;
			children = (
				EF526C40154E258400667CF6 /* Fixtures */,
				EF526C3D154E0D5D00667CF6 /* ObjectMappingTests.h */,
				EF526C3E154E0D5D00667CF6 /* ObjectMappingTests.m */,
				EF526BDC154D518700667CF6 /* Supporting Files */,
				EF3C3A6F154E3295008474F6 /* RKTestFactory+AppExtensions.h */,
				EF3C3A70154E3295008474F6 /* RKTestFactory+AppExtensions.m */,
				EF3C3A82154E3B58008474F6 /* CategoryLoaderTests.h */,
				EF3C3A83154E3B59008474F6 /* CategoryLoaderTests.m */,
				EF3C3A85154E49D7008474F6 /* ItemLoaderTests.h */,
				EF3C3A86154E49D7008474F6 /* ItemLoaderTests.m */,
			);
			path = RestKitTestsTests;
			sourceTree = "<group>";
		};
		EF526BDC154D518700667CF6 /* Supporting Files */ = {
			isa = PBXGroup;
			children = (
				EF526BDD154D518700667CF6 /* RestKitTestsTests-Info.plist */,
				EF526BDE154D518700667CF6 /* InfoPlist.strings */,
			);
			name = "Supporting Files";
			sourceTree = "<group>";
		};
		EF526BED154D53DA00667CF6 /* Products */ = {
			isa = PBXGroup;
			children = (
				EF526BF8154D53DA00667CF6 /* libRestKit.a */,
				EF526BFA154D53DA00667CF6 /* RestKitTests.octest */,
				EF526BFC154D53DA00667CF6 /* RestKit.framework */,
				EF526BFE154D53DA00667CF6 /* RestKitFrameworkTests.octest */,
				EF526C00154D53DA00667CF6 /* RestKitResources.bundle */,
			);
			name = Products;
			sourceTree = "<group>";
		};
		EF526C19154D562F00667CF6 /* Model */ = {
			isa = PBXGroup;
			children = (
				EF526C1A154D56A000667CF6 /* RestKitTests.xcdatamodeld */,
				EF3C3A7F154E36E5008474F6 /* Item.h */,
				EF3C3A80154E36E5008474F6 /* Item.m */,
				EF3C3A7C154E36E5008474F6 /* Category.h */,
				EF3C3A7D154E36E5008474F6 /* Category.m */,
				EF3C3A72154E34B2008474F6 /* Item+Additions.h */,
				EF3C3A73154E34B2008474F6 /* Item+Additions.m */,
				EF3C3A75154E34C2008474F6 /* Category+Additions.h */,
				EF3C3A76154E34C2008474F6 /* Category+Additions.m */,
			);
			name = Model;
			sourceTree = "<group>";
		};
		EF526C40154E258400667CF6 /* Fixtures */ = {
			isa = PBXGroup;
			children = (
				EF3C3A96154EC25C008474F6 /* item_partial_with_category.json */,
				EF3C3A78154E3659008474F6 /* item_partial.json */,
				EF3C3A79154E3659008474F6 /* item.json */,
				EF526C47154E2EB600667CF6 /* category_partial.json */,
				EF526C41154E258500667CF6 /* categories.json */,
				EF526C42154E258500667CF6 /* category.json */,
			);
			path = Fixtures;
			sourceTree = "<group>";
		};
/* End PBXGroup section */

/* Begin PBXNativeTarget section */
		EF526BB2154D518600667CF6 /* RestKitTests */ = {
			isa = PBXNativeTarget;
			buildConfigurationList = EF526BE6154D518700667CF6 /* Build configuration list for PBXNativeTarget "RestKitTests" */;
			buildPhases = (
				EF526BAF154D518600667CF6 /* Sources */,
				EF526BB0154D518600667CF6 /* Frameworks */,
				EF526BB1154D518600667CF6 /* Resources */,
			);
			buildRules = (
			);
			dependencies = (
			);
			name = RestKitTests;
			productName = RestKitTests;
			productReference = EF526BB3154D518600667CF6 /* RestKitTests.app */;
			productType = "com.apple.product-type.application";
		};
		EF526BD3154D518700667CF6 /* RestKitTestsTests */ = {
			isa = PBXNativeTarget;
			buildConfigurationList = EF526BE9154D518700667CF6 /* Build configuration list for PBXNativeTarget "RestKitTestsTests" */;
			buildPhases = (
				EF526BCF154D518700667CF6 /* Sources */,
				EF526BD0154D518700667CF6 /* Frameworks */,
				EF526BD1154D518700667CF6 /* Resources */,
				EF526BD2154D518700667CF6 /* ShellScript */,
			);
			buildRules = (
			);
			dependencies = (
				EF526BDA154D518700667CF6 /* PBXTargetDependency */,
			);
			name = RestKitTestsTests;
			productName = RestKitTestsTests;
			productReference = EF526BD4154D518700667CF6 /* RestKitTestsTests.octest */;
			productType = "com.apple.product-type.bundle";
		};
/* End PBXNativeTarget section */

/* Begin PBXProject section */
		EF526BAA154D518600667CF6 /* Project object */ = {
			isa = PBXProject;
			attributes = {
				LastUpgradeCheck = 0430;
				ORGANIZATIONNAME = "Lambda Software";
			};
			buildConfigurationList = EF526BAD154D518600667CF6 /* Build configuration list for PBXProject "RestKitTests" */;
			compatibilityVersion = "Xcode 3.2";
			developmentRegion = English;
			hasScannedForEncodings = 0;
			knownRegions = (
				en,
			);
			mainGroup = EF526BA8154D518600667CF6;
			productRefGroup = EF526BB4154D518600667CF6 /* Products */;
			projectDirPath = "";
			projectReferences = (
				{
					ProductGroup = EF526BED154D53DA00667CF6 /* Products */;
					ProjectRef = EF526BEC154D53DA00667CF6 /* RestKit.xcodeproj */;
				},
			);
			projectRoot = "";
			targets = (
				EF526BB2154D518600667CF6 /* RestKitTests */,
				EF526BD3154D518700667CF6 /* RestKitTestsTests */,
			);
		};
/* End PBXProject section */

/* Begin PBXReferenceProxy section */
		EF526BF8154D53DA00667CF6 /* libRestKit.a */ = {
			isa = PBXReferenceProxy;
			fileType = archive.ar;
			path = libRestKit.a;
			remoteRef = EF526BF7154D53DA00667CF6 /* PBXContainerItemProxy */;
			sourceTree = BUILT_PRODUCTS_DIR;
		};
		EF526BFA154D53DA00667CF6 /* RestKitTests.octest */ = {
			isa = PBXReferenceProxy;
			fileType = wrapper.cfbundle;
			path = RestKitTests.octest;
			remoteRef = EF526BF9154D53DA00667CF6 /* PBXContainerItemProxy */;
			sourceTree = BUILT_PRODUCTS_DIR;
		};
		EF526BFC154D53DA00667CF6 /* RestKit.framework */ = {
			isa = PBXReferenceProxy;
			fileType = wrapper.framework;
			path = RestKit.framework;
			remoteRef = EF526BFB154D53DA00667CF6 /* PBXContainerItemProxy */;
			sourceTree = BUILT_PRODUCTS_DIR;
		};
		EF526BFE154D53DA00667CF6 /* RestKitFrameworkTests.octest */ = {
			isa = PBXReferenceProxy;
			fileType = wrapper.cfbundle;
			path = RestKitFrameworkTests.octest;
			remoteRef = EF526BFD154D53DA00667CF6 /* PBXContainerItemProxy */;
			sourceTree = BUILT_PRODUCTS_DIR;
		};
		EF526C00154D53DA00667CF6 /* RestKitResources.bundle */ = {
			isa = PBXReferenceProxy;
			fileType = wrapper.cfbundle;
			path = RestKitResources.bundle;
			remoteRef = EF526BFF154D53DA00667CF6 /* PBXContainerItemProxy */;
			sourceTree = BUILT_PRODUCTS_DIR;
		};
/* End PBXReferenceProxy section */

/* Begin PBXResourcesBuildPhase section */
		EF526BB1154D518600667CF6 /* Resources */ = {
			isa = PBXResourcesBuildPhase;
			buildActionMask = 2147483647;
			files = (
				EF526BC2154D518600667CF6 /* InfoPlist.strings in Resources */,
				EF526BCE154D518600667CF6 /* ViewController.xib in Resources */,
			);
			runOnlyForDeploymentPostprocessing = 0;
		};
		EF526BD1154D518700667CF6 /* Resources */ = {
			isa = PBXResourcesBuildPhase;
			buildActionMask = 2147483647;
			files = (
				EF526BE0154D518700667CF6 /* InfoPlist.strings in Resources */,
				EF526C44154E258500667CF6 /* categories.json in Resources */,
				EF526C46154E258500667CF6 /* category.json in Resources */,
				EF526C48154E2EB600667CF6 /* category_partial.json in Resources */,
				EF3C3A7A154E3659008474F6 /* item_partial.json in Resources */,
				EF3C3A7B154E3659008474F6 /* item.json in Resources */,
				EF3C3A97154EC25C008474F6 /* item_partial_with_category.json in Resources */,
			);
			runOnlyForDeploymentPostprocessing = 0;
		};
/* End PBXResourcesBuildPhase section */

/* Begin PBXShellScriptBuildPhase section */
		EF526BD2154D518700667CF6 /* ShellScript */ = {
			isa = PBXShellScriptBuildPhase;
			buildActionMask = 2147483647;
			files = (
			);
			inputPaths = (
			);
			outputPaths = (
			);
			runOnlyForDeploymentPostprocessing = 0;
			shellPath = /bin/sh;
			shellScript = "# Run the unit tests in this test bundle.\n\"${SYSTEM_DEVELOPER_DIR}/Tools/RunUnitTests\"\n";
		};
/* End PBXShellScriptBuildPhase section */

/* Begin PBXSourcesBuildPhase section */
		EF526BAF154D518600667CF6 /* Sources */ = {
			isa = PBXSourcesBuildPhase;
			buildActionMask = 2147483647;
			files = (
				EF526BC4154D518600667CF6 /* main.m in Sources */,
				EF526BC8154D518600667CF6 /* AppDelegate.m in Sources */,
				EF526BCB154D518600667CF6 /* ViewController.m in Sources */,
				EF526C1C154D56A000667CF6 /* RestKitTests.xcdatamodeld in Sources */,
				EF526C30154D599100667CF6 /* RestKitConfig.m in Sources */,
				EF526C34154D62B500667CF6 /* CategoriesViewController.m in Sources */,
				EF3C3A74154E34B2008474F6 /* Item+Additions.m in Sources */,
				EF3C3A77154E34C2008474F6 /* Category+Additions.m in Sources */,
				EF3C3A7E154E36E5008474F6 /* Category.m in Sources */,
				EF3C3A81154E36E5008474F6 /* Item.m in Sources */,
				EF3C3A9A154EC286008474F6 /* ItemsViewController.m in Sources */,
			);
			runOnlyForDeploymentPostprocessing = 0;
		};
		EF526BCF154D518700667CF6 /* Sources */ = {
			isa = PBXSourcesBuildPhase;
			buildActionMask = 2147483647;
			files = (
				EF526C3F154E0D5D00667CF6 /* ObjectMappingTests.m in Sources */,
				EF3C3A71154E3295008474F6 /* RKTestFactory+AppExtensions.m in Sources */,
				EF3C3A84154E3B59008474F6 /* CategoryLoaderTests.m in Sources */,
				EF3C3A87154E49D7008474F6 /* ItemLoaderTests.m in Sources */,
			);
			runOnlyForDeploymentPostprocessing = 0;
		};
/* End PBXSourcesBuildPhase section */

/* Begin PBXTargetDependency section */
		EF526BDA154D518700667CF6 /* PBXTargetDependency */ = {
			isa = PBXTargetDependency;
			target = EF526BB2154D518600667CF6 /* RestKitTests */;
			targetProxy = EF526BD9154D518700667CF6 /* PBXContainerItemProxy */;
		};
/* End PBXTargetDependency section */

/* Begin PBXVariantGroup section */
		EF526BC0154D518600667CF6 /* InfoPlist.strings */ = {
			isa = PBXVariantGroup;
			children = (
				EF526BC1154D518600667CF6 /* en */,
			);
			name = InfoPlist.strings;
			sourceTree = "<group>";
		};
		EF526BCC154D518600667CF6 /* ViewController.xib */ = {
			isa = PBXVariantGroup;
			children = (
				EF526BCD154D518600667CF6 /* en */,
			);
			name = ViewController.xib;
			sourceTree = "<group>";
		};
		EF526BDE154D518700667CF6 /* InfoPlist.strings */ = {
			isa = PBXVariantGroup;
			children = (
				EF526BDF154D518700667CF6 /* en */,
			);
			name = InfoPlist.strings;
			sourceTree = "<group>";
		};
/* End PBXVariantGroup section */

/* Begin XCBuildConfiguration section */
		EF526BE4154D518700667CF6 /* Debug */ = {
			isa = XCBuildConfiguration;
			buildSettings = {
				ALWAYS_SEARCH_USER_PATHS = NO;
				ARCHS = "$(ARCHS_STANDARD_32_BIT)";
				"CODE_SIGN_IDENTITY[sdk=iphoneos*]" = "iPhone Developer";
				COPY_PHASE_STRIP = NO;
				GCC_C_LANGUAGE_STANDARD = gnu99;
				GCC_DYNAMIC_NO_PIC = NO;
				GCC_OPTIMIZATION_LEVEL = 0;
				GCC_PREPROCESSOR_DEFINITIONS = (
					"DEBUG=1",
					"$(inherited)",
				);
				GCC_SYMBOLS_PRIVATE_EXTERN = NO;
				GCC_VERSION = com.apple.compilers.llvm.clang.1_0;
				GCC_WARN_ABOUT_RETURN_TYPE = YES;
				GCC_WARN_UNINITIALIZED_AUTOS = YES;
				GCC_WARN_UNUSED_VARIABLE = YES;
				IPHONEOS_DEPLOYMENT_TARGET = 5.1;
				SDKROOT = iphoneos;
			};
			name = Debug;
		};
		EF526BE5154D518700667CF6 /* Release */ = {
			isa = XCBuildConfiguration;
			buildSettings = {
				ALWAYS_SEARCH_USER_PATHS = NO;
				ARCHS = "$(ARCHS_STANDARD_32_BIT)";
				"CODE_SIGN_IDENTITY[sdk=iphoneos*]" = "iPhone Developer";
				COPY_PHASE_STRIP = YES;
				GCC_C_LANGUAGE_STANDARD = gnu99;
				GCC_VERSION = com.apple.compilers.llvm.clang.1_0;
				GCC_WARN_ABOUT_RETURN_TYPE = YES;
				GCC_WARN_UNINITIALIZED_AUTOS = YES;
				GCC_WARN_UNUSED_VARIABLE = YES;
				IPHONEOS_DEPLOYMENT_TARGET = 5.1;
				OTHER_CFLAGS = "-DNS_BLOCK_ASSERTIONS=1";
				SDKROOT = iphoneos;
				VALIDATE_PRODUCT = YES;
			};
			name = Release;
		};
		EF526BE7154D518700667CF6 /* Debug */ = {
			isa = XCBuildConfiguration;
			buildSettings = {
				GCC_PRECOMPILE_PREFIX_HEADER = YES;
				GCC_PREFIX_HEADER = "RestKitTests/RestKitTests-Prefix.pch";
				HEADER_SEARCH_PATHS = "\"$(BUILT_PRODUCTS_DIR)/../../Headers\"";
				INFOPLIST_FILE = "RestKitTests/RestKitTests-Info.plist";
				OTHER_LDFLAGS = (
					"-ObjC",
					"-all_load",
				);
				PRODUCT_NAME = "$(TARGET_NAME)";
				WRAPPER_EXTENSION = app;
			};
			name = Debug;
		};
		EF526BE8154D518700667CF6 /* Release */ = {
			isa = XCBuildConfiguration;
			buildSettings = {
				GCC_PRECOMPILE_PREFIX_HEADER = YES;
				GCC_PREFIX_HEADER = "RestKitTests/RestKitTests-Prefix.pch";
				HEADER_SEARCH_PATHS = "\"$(BUILT_PRODUCTS_DIR)/../../Headers\"";
				INFOPLIST_FILE = "RestKitTests/RestKitTests-Info.plist";
				OTHER_LDFLAGS = (
					"-ObjC",
					"-all_load",
				);
				PRODUCT_NAME = "$(TARGET_NAME)";
				WRAPPER_EXTENSION = app;
			};
			name = Release;
		};
		EF526BEA154D518700667CF6 /* Debug */ = {
			isa = XCBuildConfiguration;
			buildSettings = {
				BUNDLE_LOADER = "$(BUILT_PRODUCTS_DIR)/RestKitTests.app/RestKitTests";
				FRAMEWORK_SEARCH_PATHS = (
					"$(SDKROOT)/Developer/Library/Frameworks",
					"$(DEVELOPER_LIBRARY_DIR)/Frameworks",
				);
				GCC_PRECOMPILE_PREFIX_HEADER = YES;
				GCC_PREFIX_HEADER = "RestKitTests/RestKitTests-Prefix.pch";
				HEADER_SEARCH_PATHS = "\"$(BUILT_PRODUCTS_DIR)/../../Headers\"";
				INFOPLIST_FILE = "RestKitTestsTests/RestKitTestsTests-Info.plist";
				OTHER_LDFLAGS = (
					"-ObjC",
					"-all_load",
				);
				PRODUCT_NAME = "$(TARGET_NAME)";
				TEST_HOST = "$(BUNDLE_LOADER)";
				WRAPPER_EXTENSION = octest;
			};
			name = Debug;
		};
		EF526BEB154D518700667CF6 /* Release */ = {
			isa = XCBuildConfiguration;
			buildSettings = {
				BUNDLE_LOADER = "$(BUILT_PRODUCTS_DIR)/RestKitTests.app/RestKitTests";
				FRAMEWORK_SEARCH_PATHS = (
					"$(SDKROOT)/Developer/Library/Frameworks",
					"$(DEVELOPER_LIBRARY_DIR)/Frameworks",
				);
				GCC_PRECOMPILE_PREFIX_HEADER = YES;
				GCC_PREFIX_HEADER = "RestKitTests/RestKitTests-Prefix.pch";
				HEADER_SEARCH_PATHS = "\"$(BUILT_PRODUCTS_DIR)/../../Headers\"";
				INFOPLIST_FILE = "RestKitTestsTests/RestKitTestsTests-Info.plist";
				OTHER_LDFLAGS = (
					"-ObjC",
					"-all_load",
				);
				PRODUCT_NAME = "$(TARGET_NAME)";
				TEST_HOST = "$(BUNDLE_LOADER)";
				WRAPPER_EXTENSION = octest;
			};
			name = Release;
		};
/* End XCBuildConfiguration section */

/* Begin XCConfigurationList section */
		EF526BAD154D518600667CF6 /* Build configuration list for PBXProject "RestKitTests" */ = {
			isa = XCConfigurationList;
			buildConfigurations = (
				EF526BE4154D518700667CF6 /* Debug */,
				EF526BE5154D518700667CF6 /* Release */,
			);
			defaultConfigurationIsVisible = 0;
			defaultConfigurationName = Release;
		};
		EF526BE6154D518700667CF6 /* Build configuration list for PBXNativeTarget "RestKitTests" */ = {
			isa = XCConfigurationList;
			buildConfigurations = (
				EF526BE7154D518700667CF6 /* Debug */,
				EF526BE8154D518700667CF6 /* Release */,
			);
			defaultConfigurationIsVisible = 0;
			defaultConfigurationName = Release;
		};
		EF526BE9154D518700667CF6 /* Build configuration list for PBXNativeTarget "RestKitTestsTests" */ = {
			isa = XCConfigurationList;
			buildConfigurations = (
				EF526BEA154D518700667CF6 /* Debug */,
				EF526BEB154D518700667CF6 /* Release */,
			);
			defaultConfigurationIsVisible = 0;
			defaultConfigurationName = Release;
		};
/* End XCConfigurationList section */

/* Begin XCVersionGroup section */
		EF526C1A154D56A000667CF6 /* RestKitTests.xcdatamodeld */ = {
			isa = XCVersionGroup;
			children = (
				EF526C1B154D56A000667CF6 /* RestKitTests.xcdatamodel */,
			);
			currentVersion = EF526C1B154D56A000667CF6 /* RestKitTests.xcdatamodel */;
			path = RestKitTests.xcdatamodeld;
			sourceTree = "<group>";
			versionGroupType = wrapper.xcdatamodel;
		};
/* End XCVersionGroup section */
	};
	rootObject = EF526BAA154D518600667CF6 /* Project object */;
}
